{
  "name": "sample",
  "version": "0.1.0",
  "lockfileVersion": 1,
  "requires": true,
  "dependencies": {
    "@asoft-ltd/live-core": {
      "version": "0.0.15-dev01",
      "resolved": "https://registry.npmjs.org/@asoft-ltd/live-core/-/live-core-0.0.15-dev01.tgz",
      "integrity": "sha512-tUYfjr9ARNKBI33SBFnX/La4xAiRalGKdW+fV3jIDOo48ETY7BHJoaUil5J4GWp5CxwW6qOM88pbAJCMi2ZdFQ=="
    },
    "@asoft-ltd/live-react": {
      "version": "0.0.15-dev01",
      "resolved": "https://registry.npmjs.org/@asoft-ltd/live-react/-/live-react-0.0.15-dev01.tgz",
      "integrity": "sha512-uInvMVMCo9T2UNML8oAiIQgeLfSwbl7C3KKU10MqCZoeHGwQuLjrU2KmNSaAfHbv951ZWzHY7R454e7UJst0VA==",
      "requires": {
        "@asoft-ltd/live-core": "file:node_modules/@asoft-ltd/live-core"
      },
      "dependencies": {
        "@asoft-ltd/live-core": {
          "version": "file:node_modules/@asoft-ltd/live-core",
          "integrity": "sha512-tUYfjr9ARNKBI33SBFnX/La4xAiRalGKdW+fV3jIDOo48ETY7BHJoaUil5J4GWp5CxwW6qOM88pbAJCMi2ZdFQ=="
        }
      }
    }
  }
}
