{
  "name": "sample",
  "version": "0.1.0",
  "lockfileVersion": 1,
  "requires": true,
  "dependencies": {
    "@asoft-ltd/live-core": {
      "version": "0.0.15-dev02",
      "resolved": "https://registry.npmjs.org/@asoft-ltd/live-core/-/live-core-0.0.15-dev02.tgz",
      "integrity": "sha512-GtpGKsLA1vS/WFi99w3t04DIAsCAXhiWWpYpGhvrGaR06FIabzLS68uCM0bF8f9SensSUKw+3WcL8JBtexyJ2w=="
    },
    "@asoft-ltd/live-react": {
      "version": "0.0.15-dev02",
      "resolved": "https://registry.npmjs.org/@asoft-ltd/live-react/-/live-react-0.0.15-dev02.tgz",
      "integrity": "sha512-JhibVUGjDgPXYdnQdFrmHQu881w1f4MiTfunBgiYn15Tv4Je+EtU/xLcQ8Zc2B5sbNS5gKsZEOB9sU7Xd5NcXg==",
      "requires": {
        "@asoft-ltd/live-core": "file:node_modules/@asoft-ltd/live-core"
      },
      "dependencies": {
        "@asoft-ltd/live-core": {
          "version": "file:node_modules/@asoft-ltd/live-core",
          "integrity": "sha512-GtpGKsLA1vS/WFi99w3t04DIAsCAXhiWWpYpGhvrGaR06FIabzLS68uCM0bF8f9SensSUKw+3WcL8JBtexyJ2w=="
        }
      }
    }
  }
}
